
Microsoft Visual Studio Solution File, Format Version 12.00
# Visual Studio Version 16
VisualStudioVersion = 16.0.29318.209
MinimumVisualStudioVersion = 10.0.40219.1
Project("{9A19103F-16F7-4668-BE54-9A1E7A4F7556}") = "AlienFruit.Shell", "AlienFruit.Shell\AlienFruit.Shell.csproj", "{2350AD2D-1699-449F-B425-AD72DC1361FC}"
EndProject
Project("{9A19103F-16F7-4668-BE54-9A1E7A4F7556}") = "AlienFruit.Shell.AsciiArt", "AlienFruit.Shell.AsciiArt\AlienFruit.Shell.AsciiArt.csproj", "{AB2055D1-FB42-426F-89E6-69981A535EF3}"
EndProject
Global
	GlobalSection(SolutionConfigurationPlatforms) = preSolution
		Debug|Any CPU = Debug|Any CPU
		Release|Any CPU = Release|Any CPU
	EndGlobalSection
	GlobalSection(ProjectConfigurationPlatforms) = postSolution
		{2350AD2D-1699-449F-B425-AD72DC1361FC}.Debug|Any CPU.ActiveCfg = Debug|Any CPU
		{2350AD2D-1699-449F-B425-AD72DC1361FC}.Debug|Any CPU.Build.0 = Debug|Any CPU
		{2350AD2D-1699-449F-B425-AD72DC1361FC}.Release|Any CPU.ActiveCfg = Release|Any CPU
		{2350AD2D-1699-449F-B425-AD72DC1361FC}.Release|Any CPU.Build.0 = Release|Any CPU
		{AB2055D1-FB42-426F-89E6-69981A535EF3}.Debug|Any CPU.ActiveCfg = Debug|Any CPU
		{AB2055D1-FB42-426F-89E6-69981A535EF3}.Debug|Any CPU.Build.0 = Debug|Any CPU
		{AB2055D1-FB42-426F-89E6-69981A535EF3}.Release|Any CPU.ActiveCfg = Release|Any CPU
		{AB2055D1-FB42-426F-89E6-69981A535EF3}.Release|Any CPU.Build.0 = Release|Any CPU
	EndGlobalSection
	GlobalSection(SolutionProperties) = preSolution
		HideSolutionNode = FALSE
	EndGlobalSection
	GlobalSection(ExtensibilityGlobals) = postSolution
		SolutionGuid = {01CDDE33-B69E-46C2-8E63-4B11C970632D}
	EndGlobalSection
EndGlobal
