
Microsoft Visual Studio Solution File, Format Version 12.00
# Visual Studio Version 17
VisualStudioVersion = 17.6.33815.320
MinimumVisualStudioVersion = 10.0.40219.1
Project("{9A19103F-16F7-4668-BE54-9A1E7A4F7556}") = "AlienFruit.FluentConsole", "AlienFruit.FluentConsole\AlienFruit.FluentConsole.csproj", "{2350AD2D-1699-449F-B425-AD72DC1361FC}"
EndProject
Project("{9A19103F-16F7-4668-BE54-9A1E7A4F7556}") = "AlienFruit.FluentConsole.AsciiArt", "AlienFruit.FluentConsole.AsciiArt\AlienFruit.FluentConsole.AsciiArt.csproj", "{AB2055D1-FB42-426F-89E6-69981A535EF3}"
EndProject
Project("{9A19103F-16F7-4668-BE54-9A1E7A4F7556}") = "DemoConsole", "DemoConsole\DemoConsole.csproj", "{B1FB7232-E527-4669-A3A3-836F9807DB05}"
EndProject
Project("{9A19103F-16F7-4668-BE54-9A1E7A4F7556}") = "FluentConsole.Tests", "FluentConsole.Tests\FluentConsole.Tests.csproj", "{B219AA49-9591-49B6-A0CA-AC7E9321AB9F}"
EndProject
Project("{9A19103F-16F7-4668-BE54-9A1E7A4F7556}") = "AlienFruit.FluentConsole.AsciiArt.Tests", "AlienFruit.FluentConsole.AsciiArt.Tests\AlienFruit.FluentConsole.AsciiArt.Tests.csproj", "{F02E1016-7964-40C0-BDA0-9CA9DDB56E08}"
EndProject
Project("{FAE04EC0-301F-11D3-BF4B-00C04F79EFBC}") = "AlienFruit.FluentConsole.ProgressBar", "AlienFruit.FluentConsole.ProgressBar\AlienFruit.FluentConsole.ProgressBar.csproj", "{3324146F-85ED-44A5-B405-D243F1764226}"
EndProject
Global
	GlobalSection(SolutionConfigurationPlatforms) = preSolution
		Debug|Any CPU = Debug|Any CPU
		Release|Any CPU = Release|Any CPU
	EndGlobalSection
	GlobalSection(ProjectConfigurationPlatforms) = postSolution
		{2350AD2D-1699-449F-B425-AD72DC1361FC}.Debug|Any CPU.ActiveCfg = Debug|Any CPU
		{2350AD2D-1699-449F-B425-AD72DC1361FC}.Debug|Any CPU.Build.0 = Debug|Any CPU
		{2350AD2D-1699-449F-B425-AD72DC1361FC}.Release|Any CPU.ActiveCfg = Release|Any CPU
		{2350AD2D-1699-449F-B425-AD72DC1361FC}.Release|Any CPU.Build.0 = Release|Any CPU
		{AB2055D1-FB42-426F-89E6-69981A535EF3}.Debug|Any CPU.ActiveCfg = Debug|Any CPU
		{AB2055D1-FB42-426F-89E6-69981A535EF3}.Debug|Any CPU.Build.0 = Debug|Any CPU
		{AB2055D1-FB42-426F-89E6-69981A535EF3}.Release|Any CPU.ActiveCfg = Release|Any CPU
		{AB2055D1-FB42-426F-89E6-69981A535EF3}.Release|Any CPU.Build.0 = Release|Any CPU
		{B1FB7232-E527-4669-A3A3-836F9807DB05}.Debug|Any CPU.ActiveCfg = Debug|Any CPU
		{B1FB7232-E527-4669-A3A3-836F9807DB05}.Debug|Any CPU.Build.0 = Debug|Any CPU
		{B1FB7232-E527-4669-A3A3-836F9807DB05}.Release|Any CPU.ActiveCfg = Release|Any CPU
		{B1FB7232-E527-4669-A3A3-836F9807DB05}.Release|Any CPU.Build.0 = Release|Any CPU
		{B219AA49-9591-49B6-A0CA-AC7E9321AB9F}.Debug|Any CPU.ActiveCfg = Debug|Any CPU
		{B219AA49-9591-49B6-A0CA-AC7E9321AB9F}.Debug|Any CPU.Build.0 = Debug|Any CPU
		{B219AA49-9591-49B6-A0CA-AC7E9321AB9F}.Release|Any CPU.ActiveCfg = Release|Any CPU
		{B219AA49-9591-49B6-A0CA-AC7E9321AB9F}.Release|Any CPU.Build.0 = Release|Any CPU
		{F02E1016-7964-40C0-BDA0-9CA9DDB56E08}.Debug|Any CPU.ActiveCfg = Debug|Any CPU
		{F02E1016-7964-40C0-BDA0-9CA9DDB56E08}.Debug|Any CPU.Build.0 = Debug|Any CPU
		{F02E1016-7964-40C0-BDA0-9CA9DDB56E08}.Release|Any CPU.ActiveCfg = Release|Any CPU
		{F02E1016-7964-40C0-BDA0-9CA9DDB56E08}.Release|Any CPU.Build.0 = Release|Any CPU
		{3324146F-85ED-44A5-B405-D243F1764226}.Debug|Any CPU.ActiveCfg = Debug|Any CPU
		{3324146F-85ED-44A5-B405-D243F1764226}.Debug|Any CPU.Build.0 = Debug|Any CPU
		{3324146F-85ED-44A5-B405-D243F1764226}.Release|Any CPU.ActiveCfg = Release|Any CPU
		{3324146F-85ED-44A5-B405-D243F1764226}.Release|Any CPU.Build.0 = Release|Any CPU
	EndGlobalSection
	GlobalSection(SolutionProperties) = preSolution
		HideSolutionNode = FALSE
	EndGlobalSection
	GlobalSection(ExtensibilityGlobals) = postSolution
		SolutionGuid = {01CDDE33-B69E-46C2-8E63-4B11C970632D}
	EndGlobalSection
EndGlobal
